# THIS IS AN AUTOGENERATED FILE. DO NOT EDIT THIS FILE DIRECTLY.
# yarn lockfile v1


"@vercel/analytics@^0.1.6":
  version "0.1.6"
  resolved "https://registry.yarnpkg.com/@vercel/analytics/-/analytics-0.1.6.tgz#a1ce184168d8f5ec02e35ec954d84ee68ea01f4b"
  integrity sha512-zNd5pj3iDvq8IMBQHa1YRcIteiw6ZiPB8AsONHd8ieFXlNpLqhXfIYnf4WvTfZ7S1NSJ++mIM14aJnNac/VMXQ==
